PODS:
  - AFNetworking (3.1.0):
    - AFNetworking/NSURLSession (= 3.1.0)
    - AFNetworking/Reachability (= 3.1.0)
    - AFNetworking/Security (= 3.1.0)
    - AFNetworking/Serialization (= 3.1.0)
    - AFNetworking/UIKit (= 3.1.0)
  - AFNetworking/NSURLSession (3.1.0):
    - AFNetworking/Reachability
    - AFNetworking/Security
    - AFNetworking/Serialization
  - AFNetworking/Reachability (3.1.0)
  - AFNetworking/Security (3.1.0)
  - AFNetworking/Serialization (3.1.0)
  - AFNetworking/UIKit (3.1.0):
    - AFNetworking/NSURLSession
  - Fabric (1.6.7)
  - TwitterCore (2.2.0):
    - Fabric
  - TwitterKit (2.2.0):
    - TwitterCore (= 2.2.0)

DEPENDENCIES:
  - AFNetworking
  - Fabric (~> 1.6.7)
  - TwitterKit (~> 2.2.0)

SPEC CHECKSUMS:
  AFNetworking: 5e0e199f73d8626b11e79750991f5d173d1f8b67
  Fabric: caf7580c725e64db144f610ac65cd60956911dc7
  TwitterCore: 115527630bb2986954adc928b8c895a92bcd57e5
  TwitterKit: 2c64ec342a6261ae6bab565bad85dcbbfd3888b7

PODFILE CHECKSUM: 68231a2a9510bfa523987825b720df2c20a3c5f5

COCOAPODS: 1.0.1
